// !$*UTF8*$!
{
	archiveVersion = 1;
	classes = {
	};
	objectVersion = 56;
	objects = {

/* Begin PBXBuildFile section */
		66BD433A2C87AF9900674FC7 /* RecipeDetailViewModel.swift in Sources */ = {isa = PBXBuildFile; fileRef = 66BD43392C87AF9900674FC7 /* RecipeDetailViewModel.swift */; };
		66BD433C2C87AFC700674FC7 /* RecipeCellView.swift in Sources */ = {isa = PBXBuildFile; fileRef = 66BD433B2C87AFC700674FC7 /* RecipeCellView.swift */; };
		66BD57B62C87967E001E064A /* RecipesApp.swift in Sources */ = {isa = PBXBuildFile; fileRef = 66BD57B52C87967E001E064A /* RecipesApp.swift */; };
		66BD57B82C87967E001E064A /* RecipesView.swift in Sources */ = {isa = PBXBuildFile; fileRef = 66BD57B72C87967E001E064A /* RecipesView.swift */; };
		66BD57BA2C879681001E064A /* Assets.xcassets in Resources */ = {isa = PBXBuildFile; fileRef = 66BD57B92C879681001E064A /* Assets.xcassets */; };
		66BD57BD2C879681001E064A /* Preview Assets.xcassets in Resources */ = {isa = PBXBuildFile; fileRef = 66BD57BC2C879681001E064A /* Preview Assets.xcassets */; };
		66BD57C72C879681001E064A /* RecipesTests.swift in Sources */ = {isa = PBXBuildFile; fileRef = 66BD57C62C879681001E064A /* RecipesTests.swift */; };
		66BD57D12C879681001E064A /* RecipesUITests.swift in Sources */ = {isa = PBXBuildFile; fileRef = 66BD57D02C879681001E064A /* RecipesUITests.swift */; };
		66BD57D32C879681001E064A /* RecipesUITestsLaunchTests.swift in Sources */ = {isa = PBXBuildFile; fileRef = 66BD57D22C879681001E064A /* RecipesUITestsLaunchTests.swift */; };
		66BD57E12C87988A001E064A /* Recipe.swift in Sources */ = {isa = PBXBuildFile; fileRef = 66BD57E02C87988A001E064A /* Recipe.swift */; };
		66BD57E32C87995C001E064A /* RecipeProtocol.swift in Sources */ = {isa = PBXBuildFile; fileRef = 66BD57E22C87995C001E064A /* RecipeProtocol.swift */; };
		66BD57E52C8799A7001E064A /* RecipeDetail.swift in Sources */ = {isa = PBXBuildFile; fileRef = 66BD57E42C8799A7001E064A /* RecipeDetail.swift */; };
		66BD57E72C879A6B001E064A /* APIService.swift in Sources */ = {isa = PBXBuildFile; fileRef = 66BD57E62C879A6B001E064A /* APIService.swift */; };
		66BD57E92C879D0A001E064A /* Color+Extension.swift in Sources */ = {isa = PBXBuildFile; fileRef = 66BD57E82C879D0A001E064A /* Color+Extension.swift */; };
		66BD57EC2C879DD2001E064A /* RecipesViewModel.swift in Sources */ = {isa = PBXBuildFile; fileRef = 66BD57EB2C879DD2001E064A /* RecipesViewModel.swift */; };
		66BD57EE2C879E3D001E064A /* RecipeDetailView.swift in Sources */ = {isa = PBXBuildFile; fileRef = 66BD57ED2C879E3D001E064A /* RecipeDetailView.swift */; };
/* End PBXBuildFile section */

/* Begin PBXContainerItemProxy section */
		66BD57C32C879681001E064A /* PBXContainerItemProxy */ = {
			isa = PBXContainerItemProxy;
			containerPortal = 66BD57AA2C87967E001E064A /* Project object */;
			proxyType = 1;
			remoteGlobalIDString = 66BD57B12C87967E001E064A;
			remoteInfo = Recipes;
		};
		66BD57CD2C879681001E064A /* PBXContainerItemProxy */ = {
			isa = PBXContainerItemProxy;
			containerPortal = 66BD57AA2C87967E001E064A /* Project object */;
			proxyType = 1;
			remoteGlobalIDString = 66BD57B12C87967E001E064A;
			remoteInfo = Recipes;
		};
/* End PBXContainerItemProxy section */

/* Begin PBXFileReference section */
		66BD43392C87AF9900674FC7 /* RecipeDetailViewModel.swift */ = {isa = PBXFileReference; lastKnownFileType = sourcecode.swift; path = RecipeDetailViewModel.swift; sourceTree = "<group>"; };
		66BD433B2C87AFC700674FC7 /* RecipeCellView.swift */ = {isa = PBXFileReference; lastKnownFileType = sourcecode.swift; path = RecipeCellView.swift; sourceTree = "<group>"; };
		66BD57B22C87967E001E064A /* Recipes.app */ = {isa = PBXFileReference; explicitFileType = wrapper.application; includeInIndex = 0; path = Recipes.app; sourceTree = BUILT_PRODUCTS_DIR; };
		66BD57B52C87967E001E064A /* RecipesApp.swift */ = {isa = PBXFileReference; lastKnownFileType = sourcecode.swift; path = RecipesApp.swift; sourceTree = "<group>"; };
		66BD57B72C87967E001E064A /* RecipesView.swift */ = {isa = PBXFileReference; lastKnownFileType = sourcecode.swift; path = RecipesView.swift; sourceTree = "<group>"; };
		66BD57B92C879681001E064A /* Assets.xcassets */ = {isa = PBXFileReference; lastKnownFileType = folder.assetcatalog; path = Assets.xcassets; sourceTree = "<group>"; };
		66BD57BC2C879681001E064A /* Preview Assets.xcassets */ = {isa = PBXFileReference; lastKnownFileType = folder.assetcatalog; path = "Preview Assets.xcassets"; sourceTree = "<group>"; };
		66BD57C22C879681001E064A /* RecipesTests.xctest */ = {isa = PBXFileReference; explicitFileType = wrapper.cfbundle; includeInIndex = 0; path = RecipesTests.xctest; sourceTree = BUILT_PRODUCTS_DIR; };
		66BD57C62C879681001E064A /* RecipesTests.swift */ = {isa = PBXFileReference; lastKnownFileType = sourcecode.swift; path = RecipesTests.swift; sourceTree = "<group>"; };
		66BD57CC2C879681001E064A /* RecipesUITests.xctest */ = {isa = PBXFileReference; explicitFileType = wrapper.cfbundle; includeInIndex = 0; path = RecipesUITests.xctest; sourceTree = BUILT_PRODUCTS_DIR; };
		66BD57D02C879681001E064A /* RecipesUITests.swift */ = {isa = PBXFileReference; lastKnownFileType = sourcecode.swift; path = RecipesUITests.swift; sourceTree = "<group>"; };
		66BD57D22C879681001E064A /* RecipesUITestsLaunchTests.swift */ = {isa = PBXFileReference; lastKnownFileType = sourcecode.swift; path = RecipesUITestsLaunchTests.swift; sourceTree = "<group>"; };
		66BD57E02C87988A001E064A /* Recipe.swift */ = {isa = PBXFileReference; lastKnownFileType = sourcecode.swift; path = Recipe.swift; sourceTree = "<group>"; };
		66BD57E22C87995C001E064A /* RecipeProtocol.swift */ = {isa = PBXFileReference; lastKnownFileType = sourcecode.swift; path = RecipeProtocol.swift; sourceTree = "<group>"; };
		66BD57E42C8799A7001E064A /* RecipeDetail.swift */ = {isa = PBXFileReference; lastKnownFileType = sourcecode.swift; path = RecipeDetail.swift; sourceTree = "<group>"; };
		66BD57E62C879A6B001E064A /* APIService.swift */ = {isa = PBXFileReference; lastKnownFileType = sourcecode.swift; path = APIService.swift; sourceTree = "<group>"; };
		66BD57E82C879D0A001E064A /* Color+Extension.swift */ = {isa = PBXFileReference; lastKnownFileType = sourcecode.swift; path = "Color+Extension.swift"; sourceTree = "<group>"; };
		66BD57EB2C879DD2001E064A /* RecipesViewModel.swift */ = {isa = PBXFileReference; lastKnownFileType = sourcecode.swift; path = RecipesViewModel.swift; sourceTree = "<group>"; };
		66BD57ED2C879E3D001E064A /* RecipeDetailView.swift */ = {isa = PBXFileReference; lastKnownFileType = sourcecode.swift; path = RecipeDetailView.swift; sourceTree = "<group>"; };
/* End PBXFileReference section */

/* Begin PBXFrameworksBuildPhase section */
		66BD57AF2C87967E001E064A /* Frameworks */ = {
			isa = PBXFrameworksBuildPhase;
			buildActionMask = 2147483647;
			files = (
			);
			runOnlyForDeploymentPostprocessing = 0;
		};
		66BD57BF2C879681001E064A /* Frameworks */ = {
			isa = PBXFrameworksBuildPhase;
			buildActionMask = 2147483647;
			files = (
			);
			runOnlyForDeploymentPostprocessing = 0;
		};
		66BD57C92C879681001E064A /* Frameworks */ = {
			isa = PBXFrameworksBuildPhase;
			buildActionMask = 2147483647;
			files = (
			);
			runOnlyForDeploymentPostprocessing = 0;
		};
/* End PBXFrameworksBuildPhase section */

/* Begin PBXGroup section */
		66BD43382C87AF1500674FC7 /* Recipe Detail */ = {
			isa = PBXGroup;
			children = (
				66BD57E42C8799A7001E064A /* RecipeDetail.swift */,
				66BD43392C87AF9900674FC7 /* RecipeDetailViewModel.swift */,
				66BD57ED2C879E3D001E064A /* RecipeDetailView.swift */,
			);
			path = "Recipe Detail";
			sourceTree = "<group>";
		};
		66BD433D2C87B15000674FC7 /* API */ = {
			isa = PBXGroup;
			children = (
				66BD57E62C879A6B001E064A /* APIService.swift */,
			);
			path = API;
			sourceTree = "<group>";
		};
		66BD57A92C87967E001E064A = {
			isa = PBXGroup;
			children = (
				66BD57B42C87967E001E064A /* Recipes */,
				66BD57C52C879681001E064A /* RecipesTests */,
				66BD57CF2C879681001E064A /* RecipesUITests */,
				66BD57B32C87967E001E064A /* Products */,
			);
			sourceTree = "<group>";
		};
		66BD57B32C87967E001E064A /* Products */ = {
			isa = PBXGroup;
			children = (
				66BD57B22C87967E001E064A /* Recipes.app */,
				66BD57C22C879681001E064A /* RecipesTests.xctest */,
				66BD57CC2C879681001E064A /* RecipesUITests.xctest */,
			);
			name = Products;
			sourceTree = "<group>";
		};
		66BD57B42C87967E001E064A /* Recipes */ = {
			isa = PBXGroup;
			children = (
				66BD433D2C87B15000674FC7 /* API */,
				66BD57DF2C87987F001E064A /* Models */,
				66BD57EA2C879DA8001E064A /* Recipes Feed */,
				66BD43382C87AF1500674FC7 /* Recipe Detail */,
				66BD57B52C87967E001E064A /* RecipesApp.swift */,
				66BD57B92C879681001E064A /* Assets.xcassets */,
				66BD57BB2C879681001E064A /* Preview Content */,
				66BD57E82C879D0A001E064A /* Color+Extension.swift */,
			);
			path = Recipes;
			sourceTree = "<group>";
		};
		66BD57BB2C879681001E064A /* Preview Content */ = {
			isa = PBXGroup;
			children = (
				66BD57BC2C879681001E064A /* Preview Assets.xcassets */,
			);
			path = "Preview Content";
			sourceTree = "<group>";
		};
		66BD57C52C879681001E064A /* RecipesTests */ = {
			isa = PBXGroup;
			children = (
				66BD57C62C879681001E064A /* RecipesTests.swift */,
			);
			path = RecipesTests;
			sourceTree = "<group>";
		};
		66BD57CF2C879681001E064A /* RecipesUITests */ = {
			isa = PBXGroup;
			children = (
				66BD57D02C879681001E064A /* RecipesUITests.swift */,
				66BD57D22C879681001E064A /* RecipesUITestsLaunchTests.swift */,
			);
			path = RecipesUITests;
			sourceTree = "<group>";
		};
		66BD57DF2C87987F001E064A /* Models */ = {
			isa = PBXGroup;
			children = (
				66BD57E22C87995C001E064A /* RecipeProtocol.swift */,
			);
			path = Models;
			sourceTree = "<group>";
		};
		66BD57EA2C879DA8001E064A /* Recipes Feed */ = {
			isa = PBXGroup;
			children = (
				66BD57E02C87988A001E064A /* Recipe.swift */,
				66BD57EB2C879DD2001E064A /* RecipesViewModel.swift */,
				66BD433B2C87AFC700674FC7 /* RecipeCellView.swift */,
				66BD57B72C87967E001E064A /* RecipesView.swift */,
			);
			path = "Recipes Feed";
			sourceTree = "<group>";
		};
/* End PBXGroup section */

/* Begin PBXNativeTarget section */
		66BD57B12C87967E001E064A /* Recipes */ = {
			isa = PBXNativeTarget;
			buildConfigurationList = 66BD57D62C879681001E064A /* Build configuration list for PBXNativeTarget "Recipes" */;
			buildPhases = (
				66BD57AE2C87967E001E064A /* Sources */,
				66BD57AF2C87967E001E064A /* Frameworks */,
				66BD57B02C87967E001E064A /* Resources */,
			);
			buildRules = (
			);
			dependencies = (
			);
			name = Recipes;
			productName = Recipes;
			productReference = 66BD57B22C87967E001E064A /* Recipes.app */;
			productType = "com.apple.product-type.application";
		};
		66BD57C12C879681001E064A /* RecipesTests */ = {
			isa = PBXNativeTarget;
			buildConfigurationList = 66BD57D92C879681001E064A /* Build configuration list for PBXNativeTarget "RecipesTests" */;
			buildPhases = (
				66BD57BE2C879681001E064A /* Sources */,
				66BD57BF2C879681001E064A /* Frameworks */,
				66BD57C02C879681001E064A /* Resources */,
			);
			buildRules = (
			);
			dependencies = (
				66BD57C42C879681001E064A /* PBXTargetDependency */,
			);
			name = RecipesTests;
			productName = RecipesTests;
			productReference = 66BD57C22C879681001E064A /* RecipesTests.xctest */;
			productType = "com.apple.product-type.bundle.unit-test";
		};
		66BD57CB2C879681001E064A /* RecipesUITests */ = {
			isa = PBXNativeTarget;
			buildConfigurationList = 66BD57DC2C879681001E064A /* Build configuration list for PBXNativeTarget "RecipesUITests" */;
			buildPhases = (
				66BD57C82C879681001E064A /* Sources */,
				66BD57C92C879681001E064A /* Frameworks */,
				66BD57CA2C879681001E064A /* Resources */,
			);
			buildRules = (
			);
			dependencies = (
				66BD57CE2C879681001E064A /* PBXTargetDependency */,
			);
			name = RecipesUITests;
			productName = RecipesUITests;
			productReference = 66BD57CC2C879681001E064A /* RecipesUITests.xctest */;
			productType = "com.apple.product-type.bundle.ui-testing";
		};
/* End PBXNativeTarget section */

/* Begin PBXProject section */
		66BD57AA2C87967E001E064A /* Project object */ = {
			isa = PBXProject;
			attributes = {
				BuildIndependentTargetsInParallel = 1;
				LastSwiftUpdateCheck = 1540;
				LastUpgradeCheck = 1540;
				TargetAttributes = {
					66BD57B12C87967E001E064A = {
						CreatedOnToolsVersion = 15.4;
					};
					66BD57C12C879681001E064A = {
						CreatedOnToolsVersion = 15.4;
						TestTargetID = 66BD57B12C87967E001E064A;
					};
					66BD57CB2C879681001E064A = {
						CreatedOnToolsVersion = 15.4;
						TestTargetID = 66BD57B12C87967E001E064A;
					};
				};
			};
			buildConfigurationList = 66BD57AD2C87967E001E064A /* Build configuration list for PBXProject "Recipes" */;
			compatibilityVersion = "Xcode 14.0";
			developmentRegion = en;
			hasScannedForEncodings = 0;
			knownRegions = (
				en,
				Base,
			);
			mainGroup = 66BD57A92C87967E001E064A;
			productRefGroup = 66BD57B32C87967E001E064A /* Products */;
			projectDirPath = "";
			projectRoot = "";
			targets = (
				66BD57B12C87967E001E064A /* Recipes */,
				66BD57C12C879681001E064A /* RecipesTests */,
				66BD57CB2C879681001E064A /* RecipesUITests */,
			);
		};
/* End PBXProject section */

/* Begin PBXResourcesBuildPhase section */
		66BD57B02C87967E001E064A /* Resources */ = {
			isa = PBXResourcesBuildPhase;
			buildActionMask = 2147483647;
			files = (
				66BD57BD2C879681001E064A /* Preview Assets.xcassets in Resources */,
				66BD57BA2C879681001E064A /* Assets.xcassets in Resources */,
			);
			runOnlyForDeploymentPostprocessing = 0;
		};
		66BD57C02C879681001E064A /* Resources */ = {
			isa = PBXResourcesBuildPhase;
			buildActionMask = 2147483647;
			files = (
			);
			runOnlyForDeploymentPostprocessing = 0;
		};
		66BD57CA2C879681001E064A /* Resources */ = {
			isa = PBXResourcesBuildPhase;
			buildActionMask = 2147483647;
			files = (
			);
			runOnlyForDeploymentPostprocessing = 0;
		};
/* End PBXResourcesBuildPhase section */

/* Begin PBXSourcesBuildPhase section */
		66BD57AE2C87967E001E064A /* Sources */ = {
			isa = PBXSourcesBuildPhase;
			buildActionMask = 2147483647;
			files = (
				66BD57EC2C879DD2001E064A /* RecipesViewModel.swift in Sources */,
				66BD57EE2C879E3D001E064A /* RecipeDetailView.swift in Sources */,
				66BD57E12C87988A001E064A /* Recipe.swift in Sources */,
				66BD433A2C87AF9900674FC7 /* RecipeDetailViewModel.swift in Sources */,
				66BD57E92C879D0A001E064A /* Color+Extension.swift in Sources */,
				66BD57E32C87995C001E064A /* RecipeProtocol.swift in Sources */,
				66BD433C2C87AFC700674FC7 /* RecipeCellView.swift in Sources */,
				66BD57E52C8799A7001E064A /* RecipeDetail.swift in Sources */,
				66BD57B82C87967E001E064A /* RecipesView.swift in Sources */,
				66BD57E72C879A6B001E064A /* APIService.swift in Sources */,
				66BD57B62C87967E001E064A /* RecipesApp.swift in Sources */,
			);
			runOnlyForDeploymentPostprocessing = 0;
		};
		66BD57BE2C879681001E064A /* Sources */ = {
			isa = PBXSourcesBuildPhase;
			buildActionMask = 2147483647;
			files = (
				66BD57C72C879681001E064A /* RecipesTests.swift in Sources */,
			);
			runOnlyForDeploymentPostprocessing = 0;
		};
		66BD57C82C879681001E064A /* Sources */ = {
			isa = PBXSourcesBuildPhase;
			buildActionMask = 2147483647;
			files = (
				66BD57D32C879681001E064A /* RecipesUITestsLaunchTests.swift in Sources */,
				66BD57D12C879681001E064A /* RecipesUITests.swift in Sources */,
			);
			runOnlyForDeploymentPostprocessing = 0;
		};
/* End PBXSourcesBuildPhase section */

/* Begin PBXTargetDependency section */
		66BD57C42C879681001E064A /* PBXTargetDependency */ = {
			isa = PBXTargetDependency;
			target = 66BD57B12C87967E001E064A /* Recipes */;
			targetProxy = 66BD57C32C879681001E064A /* PBXContainerItemProxy */;
		};
		66BD57CE2C879681001E064A /* PBXTargetDependency */ = {
			isa = PBXTargetDependency;
			target = 66BD57B12C87967E001E064A /* Recipes */;
			targetProxy = 66BD57CD2C879681001E064A /* PBXContainerItemProxy */;
		};
/* End PBXTargetDependency section */

/* Begin XCBuildConfiguration section */
		66BD57D42C879681001E064A /* Debug */ = {
			isa = XCBuildConfiguration;
			buildSettings = {
				ALWAYS_SEARCH_USER_PATHS = NO;
				ASSETCATALOG_COMPILER_GENERATE_SWIFT_ASSET_SYMBOL_EXTENSIONS = YES;
				CLANG_ANALYZER_NONNULL = YES;
				CLANG_ANALYZER_NUMBER_OBJECT_CONVERSION = YES_AGGRESSIVE;
				CLANG_CXX_LANGUAGE_STANDARD = "gnu++20";
				CLANG_ENABLE_MODULES = YES;
				CLANG_ENABLE_OBJC_ARC = YES;
				CLANG_ENABLE_OBJC_WEAK = YES;
				CLANG_WARN_BLOCK_CAPTURE_AUTORELEASING = YES;
				CLANG_WARN_BOOL_CONVERSION = YES;
				CLANG_WARN_COMMA = YES;
				CLANG_WARN_CONSTANT_CONVERSION = YES;
				CLANG_WARN_DEPRECATED_OBJC_IMPLEMENTATIONS = YES;
				CLANG_WARN_DIRECT_OBJC_ISA_USAGE = YES_ERROR;
				CLANG_WARN_DOCUMENTATION_COMMENTS = YES;
				CLANG_WARN_EMPTY_BODY = YES;
				CLANG_WARN_ENUM_CONVERSION = YES;
				CLANG_WARN_INFINITE_RECURSION = YES;
				CLANG_WARN_INT_CONVERSION = YES;
				CLANG_WARN_NON_LITERAL_NULL_CONVERSION = YES;
				CLANG_WARN_OBJC_IMPLICIT_RETAIN_SELF = YES;
				CLANG_WARN_OBJC_LITERAL_CONVERSION = YES;
				CLANG_WARN_OBJC_ROOT_CLASS = YES_ERROR;
				CLANG_WARN_QUOTED_INCLUDE_IN_FRAMEWORK_HEADER = YES;
				CLANG_WARN_RANGE_LOOP_ANALYSIS = YES;
				CLANG_WARN_STRICT_PROTOTYPES = YES;
				CLANG_WARN_SUSPICIOUS_MOVE = YES;
				CLANG_WARN_UNGUARDED_AVAILABILITY = YES_AGGRESSIVE;
				CLANG_WARN_UNREACHABLE_CODE = YES;
				CLANG_WARN__DUPLICATE_METHOD_MATCH = YES;
				COPY_PHASE_STRIP = NO;
				DEBUG_INFORMATION_FORMAT = dwarf;
				ENABLE_STRICT_OBJC_MSGSEND = YES;
				ENABLE_TESTABILITY = YES;
				ENABLE_USER_SCRIPT_SANDBOXING = YES;
				GCC_C_LANGUAGE_STANDARD = gnu17;
				GCC_DYNAMIC_NO_PIC = NO;
				GCC_NO_COMMON_BLOCKS = YES;
				GCC_OPTIMIZATION_LEVEL = 0;
				GCC_PREPROCESSOR_DEFINITIONS = (
					"DEBUG=1",
					"$(inherited)",
				);
				GCC_WARN_64_TO_32_BIT_CONVERSION = YES;
				GCC_WARN_ABOUT_RETURN_TYPE = YES_ERROR;
				GCC_WARN_UNDECLARED_SELECTOR = YES;
				GCC_WARN_UNINITIALIZED_AUTOS = YES_AGGRESSIVE;
				GCC_WARN_UNUSED_FUNCTION = YES;
				GCC_WARN_UNUSED_VARIABLE = YES;
				IPHONEOS_DEPLOYMENT_TARGET = 17.5;
				LOCALIZATION_PREFERS_STRING_CATALOGS = YES;
				MTL_ENABLE_DEBUG_INFO = INCLUDE_SOURCE;
				MTL_FAST_MATH = YES;
				ONLY_ACTIVE_ARCH = YES;
				SDKROOT = iphoneos;
				SWIFT_ACTIVE_COMPILATION_CONDITIONS = "DEBUG $(inherited)";
				SWIFT_OPTIMIZATION_LEVEL = "-Onone";
			};
			name = Debug;
		};
		66BD57D52C879681001E064A /* Release */ = {
			isa = XCBuildConfiguration;
			buildSettings = {
				ALWAYS_SEARCH_USER_PATHS = NO;
				ASSETCATALOG_COMPILER_GENERATE_SWIFT_ASSET_SYMBOL_EXTENSIONS = YES;
				CLANG_ANALYZER_NONNULL = YES;
				CLANG_ANALYZER_NUMBER_OBJECT_CONVERSION = YES_AGGRESSIVE;
				CLANG_CXX_LANGUAGE_STANDARD = "gnu++20";
				CLANG_ENABLE_MODULES = YES;
				CLANG_ENABLE_OBJC_ARC = YES;
				CLANG_ENABLE_OBJC_WEAK = YES;
				CLANG_WARN_BLOCK_CAPTURE_AUTORELEASING = YES;
				CLANG_WARN_BOOL_CONVERSION = YES;
				CLANG_WARN_COMMA = YES;
				CLANG_WARN_CONSTANT_CONVERSION = YES;
				CLANG_WARN_DEPRECATED_OBJC_IMPLEMENTATIONS = YES;
				CLANG_WARN_DIRECT_OBJC_ISA_USAGE = YES_ERROR;
				CLANG_WARN_DOCUMENTATION_COMMENTS = YES;
				CLANG_WARN_EMPTY_BODY = YES;
				CLANG_WARN_ENUM_CONVERSION = YES;
				CLANG_WARN_INFINITE_RECURSION = YES;
				CLANG_WARN_INT_CONVERSION = YES;
				CLANG_WARN_NON_LITERAL_NULL_CONVERSION = YES;
				CLANG_WARN_OBJC_IMPLICIT_RETAIN_SELF = YES;
				CLANG_WARN_OBJC_LITERAL_CONVERSION = YES;
				CLANG_WARN_OBJC_ROOT_CLASS = YES_ERROR;
				CLANG_WARN_QUOTED_INCLUDE_IN_FRAMEWORK_HEADER = YES;
				CLANG_WARN_RANGE_LOOP_ANALYSIS = YES;
				CLANG_WARN_STRICT_PROTOTYPES = YES;
				CLANG_WARN_SUSPICIOUS_MOVE = YES;
				CLANG_WARN_UNGUARDED_AVAILABILITY = YES_AGGRESSIVE;
				CLANG_WARN_UNREACHABLE_CODE = YES;
				CLANG_WARN__DUPLICATE_METHOD_MATCH = YES;
				COPY_PHASE_STRIP = NO;
				DEBUG_INFORMATION_FORMAT = "dwarf-with-dsym";
				ENABLE_NS_ASSERTIONS = NO;
				ENABLE_STRICT_OBJC_MSGSEND = YES;
				ENABLE_USER_SCRIPT_SANDBOXING = YES;
				GCC_C_LANGUAGE_STANDARD = gnu17;
				GCC_NO_COMMON_BLOCKS = YES;
				GCC_WARN_64_TO_32_BIT_CONVERSION = YES;
				GCC_WARN_ABOUT_RETURN_TYPE = YES_ERROR;
				GCC_WARN_UNDECLARED_SELECTOR = YES;
				GCC_WARN_UNINITIALIZED_AUTOS = YES_AGGRESSIVE;
				GCC_WARN_UNUSED_FUNCTION = YES;
				GCC_WARN_UNUSED_VARIABLE = YES;
				IPHONEOS_DEPLOYMENT_TARGET = 17.5;
				LOCALIZATION_PREFERS_STRING_CATALOGS = YES;
				MTL_ENABLE_DEBUG_INFO = NO;
				MTL_FAST_MATH = YES;
				SDKROOT = iphoneos;
				SWIFT_COMPILATION_MODE = wholemodule;
				VALIDATE_PRODUCT = YES;
			};
			name = Release;
		};
		66BD57D72C879681001E064A /* Debug */ = {
			isa = XCBuildConfiguration;
			buildSettings = {
				ASSETCATALOG_COMPILER_APPICON_NAME = AppIcon;
				ASSETCATALOG_COMPILER_GLOBAL_ACCENT_COLOR_NAME = AccentColor;
				CODE_SIGN_STYLE = Automatic;
				CURRENT_PROJECT_VERSION = 1;
				DEVELOPMENT_ASSET_PATHS = "\"Recipes/Preview Content\"";
				DEVELOPMENT_TEAM = Z6GBYPK592;
				ENABLE_PREVIEWS = YES;
				GENERATE_INFOPLIST_FILE = YES;
				INFOPLIST_KEY_UIApplicationSceneManifest_Generation = YES;
				INFOPLIST_KEY_UIApplicationSupportsIndirectInputEvents = YES;
				INFOPLIST_KEY_UILaunchScreen_Generation = YES;
				INFOPLIST_KEY_UISupportedInterfaceOrientations_iPad = "UIInterfaceOrientationPortrait UIInterfaceOrientationPortraitUpsideDown UIInterfaceOrientationLandscapeLeft UIInterfaceOrientationLandscapeRight";
				INFOPLIST_KEY_UISupportedInterfaceOrientations_iPhone = "UIInterfaceOrientationPortrait UIInterfaceOrientationLandscapeLeft UIInterfaceOrientationLandscapeRight";
				LD_RUNPATH_SEARCH_PATHS = (
					"$(inherited)",
					"@executable_path/Frameworks",
				);
				MARKETING_VERSION = 1.0;
				PRODUCT_BUNDLE_IDENTIFIER = com.brian.Recipes;
				PRODUCT_NAME = "$(TARGET_NAME)";
				SWIFT_EMIT_LOC_STRINGS = YES;
				SWIFT_VERSION = 5.0;
				TARGETED_DEVICE_FAMILY = "1,2";
			};
			name = Debug;
		};
		66BD57D82C879681001E064A /* Release */ = {
			isa = XCBuildConfiguration;
			buildSettings = {
				ASSETCATALOG_COMPILER_APPICON_NAME = AppIcon;
				ASSETCATALOG_COMPILER_GLOBAL_ACCENT_COLOR_NAME = AccentColor;
				CODE_SIGN_STYLE = Automatic;
				CURRENT_PROJECT_VERSION = 1;
				DEVELOPMENT_ASSET_PATHS = "\"Recipes/Preview Content\"";
				DEVELOPMENT_TEAM = Z6GBYPK592;
				ENABLE_PREVIEWS = YES;
				GENERATE_INFOPLIST_FILE = YES;
				INFOPLIST_KEY_UIApplicationSceneManifest_Generation = YES;
				INFOPLIST_KEY_UIApplicationSupportsIndirectInputEvents = YES;
				INFOPLIST_KEY_UILaunchScreen_Generation = YES;
				INFOPLIST_KEY_UISupportedInterfaceOrientations_iPad = "UIInterfaceOrientationPortrait UIInterfaceOrientationPortraitUpsideDown UIInterfaceOrientationLandscapeLeft UIInterfaceOrientationLandscapeRight";
				INFOPLIST_KEY_UISupportedInterfaceOrientations_iPhone = "UIInterfaceOrientationPortrait UIInterfaceOrientationLandscapeLeft UIInterfaceOrientationLandscapeRight";
				LD_RUNPATH_SEARCH_PATHS = (
					"$(inherited)",
					"@executable_path/Frameworks",
				);
				MARKETING_VERSION = 1.0;
				PRODUCT_BUNDLE_IDENTIFIER = com.brian.Recipes;
				PRODUCT_NAME = "$(TARGET_NAME)";
				SWIFT_EMIT_LOC_STRINGS = YES;
				SWIFT_VERSION = 5.0;
				TARGETED_DEVICE_FAMILY = "1,2";
			};
			name = Release;
		};
		66BD57DA2C879681001E064A /* Debug */ = {
			isa = XCBuildConfiguration;
			buildSettings = {
				ALWAYS_EMBED_SWIFT_STANDARD_LIBRARIES = YES;
				BUNDLE_LOADER = "$(TEST_HOST)";
				CODE_SIGN_STYLE = Automatic;
				CURRENT_PROJECT_VERSION = 1;
				DEVELOPMENT_TEAM = Z6GBYPK592;
				GENERATE_INFOPLIST_FILE = YES;
				IPHONEOS_DEPLOYMENT_TARGET = 17.5;
				MARKETING_VERSION = 1.0;
				PRODUCT_BUNDLE_IDENTIFIER = com.brian.RecipesTests;
				PRODUCT_NAME = "$(TARGET_NAME)";
				SWIFT_EMIT_LOC_STRINGS = NO;
				SWIFT_VERSION = 5.0;
				TARGETED_DEVICE_FAMILY = "1,2";
				TEST_HOST = "$(BUILT_PRODUCTS_DIR)/Recipes.app/$(BUNDLE_EXECUTABLE_FOLDER_PATH)/Recipes";
			};
			name = Debug;
		};
		66BD57DB2C879681001E064A /* Release */ = {
			isa = XCBuildConfiguration;
			buildSettings = {
				ALWAYS_EMBED_SWIFT_STANDARD_LIBRARIES = YES;
				BUNDLE_LOADER = "$(TEST_HOST)";
				CODE_SIGN_STYLE = Automatic;
				CURRENT_PROJECT_VERSION = 1;
				DEVELOPMENT_TEAM = Z6GBYPK592;
				GENERATE_INFOPLIST_FILE = YES;
				IPHONEOS_DEPLOYMENT_TARGET = 17.5;
				MARKETING_VERSION = 1.0;
				PRODUCT_BUNDLE_IDENTIFIER = com.brian.RecipesTests;
				PRODUCT_NAME = "$(TARGET_NAME)";
				SWIFT_EMIT_LOC_STRINGS = NO;
				SWIFT_VERSION = 5.0;
				TARGETED_DEVICE_FAMILY = "1,2";
				TEST_HOST = "$(BUILT_PRODUCTS_DIR)/Recipes.app/$(BUNDLE_EXECUTABLE_FOLDER_PATH)/Recipes";
			};
			name = Release;
		};
		66BD57DD2C879681001E064A /* Debug */ = {
			isa = XCBuildConfiguration;
			buildSettings = {
				ALWAYS_EMBED_SWIFT_STANDARD_LIBRARIES = YES;
				CODE_SIGN_STYLE = Automatic;
				CURRENT_PROJECT_VERSION = 1;
				DEVELOPMENT_TEAM = Z6GBYPK592;
				GENERATE_INFOPLIST_FILE = YES;
				MARKETING_VERSION = 1.0;
				PRODUCT_BUNDLE_IDENTIFIER = com.brian.RecipesUITests;
				PRODUCT_NAME = "$(TARGET_NAME)";
				SWIFT_EMIT_LOC_STRINGS = NO;
				SWIFT_VERSION = 5.0;
				TARGETED_DEVICE_FAMILY = "1,2";
				TEST_TARGET_NAME = Recipes;
			};
			name = Debug;
		};
		66BD57DE2C879681001E064A /* Release */ = {
			isa = XCBuildConfiguration;
			buildSettings = {
				ALWAYS_EMBED_SWIFT_STANDARD_LIBRARIES = YES;
				CODE_SIGN_STYLE = Automatic;
				CURRENT_PROJECT_VERSION = 1;
				DEVELOPMENT_TEAM = Z6GBYPK592;
				GENERATE_INFOPLIST_FILE = YES;
				MARKETING_VERSION = 1.0;
				PRODUCT_BUNDLE_IDENTIFIER = com.brian.RecipesUITests;
				PRODUCT_NAME = "$(TARGET_NAME)";
				SWIFT_EMIT_LOC_STRINGS = NO;
				SWIFT_VERSION = 5.0;
				TARGETED_DEVICE_FAMILY = "1,2";
				TEST_TARGET_NAME = Recipes;
			};
			name = Release;
		};
/* End XCBuildConfiguration section */

/* Begin XCConfigurationList section */
		66BD57AD2C87967E001E064A /* Build configuration list for PBXProject "Recipes" */ = {
			isa = XCConfigurationList;
			buildConfigurations = (
				66BD57D42C879681001E064A /* Debug */,
				66BD57D52C879681001E064A /* Release */,
			);
			defaultConfigurationIsVisible = 0;
			defaultConfigurationName = Release;
		};
		66BD57D62C879681001E064A /* Build configuration list for PBXNativeTarget "Recipes" */ = {
			isa = XCConfigurationList;
			buildConfigurations = (
				66BD57D72C879681001E064A /* Debug */,
				66BD57D82C879681001E064A /* Release */,
			);
			defaultConfigurationIsVisible = 0;
			defaultConfigurationName = Release;
		};
		66BD57D92C879681001E064A /* Build configuration list for PBXNativeTarget "RecipesTests" */ = {
			isa = XCConfigurationList;
			buildConfigurations = (
				66BD57DA2C879681001E064A /* Debug */,
				66BD57DB2C879681001E064A /* Release */,
			);
			defaultConfigurationIsVisible = 0;
			defaultConfigurationName = Release;
		};
		66BD57DC2C879681001E064A /* Build configuration list for PBXNativeTarget "RecipesUITests" */ = {
			isa = XCConfigurationList;
			buildConfigurations = (
				66BD57DD2C879681001E064A /* Debug */,
				66BD57DE2C879681001E064A /* Release */,
			);
			defaultConfigurationIsVisible = 0;
			defaultConfigurationName = Release;
		};
/* End XCConfigurationList section */
	};
	rootObject = 66BD57AA2C87967E001E064A /* Project object */;
}
